{
  "name": "prepros-project",
  "version": "1.0.0",
  "lockfileVersion": 1,
  "requires": true,
  "dependencies": {
    "@babel/runtime": {
      "version": "7.14.8",
      "resolved": "https://registry.npmjs.org/@babel/runtime/-/runtime-7.14.8.tgz",
      "integrity": "sha512-twj3L8Og5SaCRCErB4x4ajbvBIVV77CGeFglHpeg5WC5FF8TZzBWXtTJ4MqaD9QszLYTtr+IsaAL2rEUevb+eg==",
      "requires": {
        "regenerator-runtime": "^0.13.4"
      }
    },
    "jsp": {
      "version": "0.0.2",
      "resolved": "https://registry.npmjs.org/jsp/-/jsp-0.0.2.tgz",
      "integrity": "sha1-ZkgLT5cte/G1rrwupg3PgJCALRg="
    },
    "regenerator-runtime": {
      "version": "0.13.9",
      "resolved": "https://registry.npmjs.org/regenerator-runtime/-/regenerator-runtime-0.13.9.tgz",
      "integrity": "sha512-p3VT+cOEgxFsRRA9X4lkI1E+k2/CtnKtU4gcxyaCUreilL/vqI6CdZ3wxVUx3UOUg+gnUOQQcRI7BmSI656MYA=="
    },
    "regex-is-jsp": {
      "version": "2.1.0",
      "resolved": "https://registry.npmjs.org/regex-is-jsp/-/regex-is-jsp-2.1.0.tgz",
      "integrity": "sha512-51ss5496C/kReZKMuPgTPxk/k7IcSdjpEoDiGyx6qy8+P4vymRkhRi64ZVP1sS6euCSp1XvD7jcE7m3TUUaoCg==",
      "requires": {
        "@babel/runtime": "^7.14.0"
      }
    }
  }
}
